
Microsoft Visual Studio Solution File, Format Version 12.00
# Visual Studio 15
VisualStudioVersion = 15.0.27130.2027
MinimumVisualStudioVersion = 10.0.40219.1
Project("{FAE04EC0-301F-11D3-BF4B-00C04F79EFBC}") = "MinhaCalculadoraDeSignos", "MinhaCalculadoraDeSignos\MinhaCalculadoraDeSignos.csproj", "{A2CA6BF2-E511-45F7-9641-125BDC90580D}"
EndProject
Global
	GlobalSection(SolutionConfigurationPlatforms) = preSolution
		Debug|Any CPU = Debug|Any CPU
		Release|Any CPU = Release|Any CPU
	EndGlobalSection
	GlobalSection(ProjectConfigurationPlatforms) = postSolution
		{A2CA6BF2-E511-45F7-9641-125BDC90580D}.Debug|Any CPU.ActiveCfg = Debug|Any CPU
		{A2CA6BF2-E511-45F7-9641-125BDC90580D}.Debug|Any CPU.Build.0 = Debug|Any CPU
		{A2CA6BF2-E511-45F7-9641-125BDC90580D}.Release|Any CPU.ActiveCfg = Release|Any CPU
		{A2CA6BF2-E511-45F7-9641-125BDC90580D}.Release|Any CPU.Build.0 = Release|Any CPU
	EndGlobalSection
	GlobalSection(SolutionProperties) = preSolution
		HideSolutionNode = FALSE
	EndGlobalSection
	GlobalSection(ExtensibilityGlobals) = postSolution
		SolutionGuid = {62D8EFB0-7822-4D93-84A7-590C86C17B9D}
	EndGlobalSection
EndGlobal
